
Microsoft Visual Studio Solution File, Format Version 12.00
# Visual Studio 15
VisualStudioVersion = 15.0.28307.572
MinimumVisualStudioVersion = 10.0.40219.1
Project("{FAE04EC0-301F-11D3-BF4B-00C04F79EFBC}") = "GcpVisionLineSegmentation", "GcpVisionLineSegmentation\GcpVisionLineSegmentation.csproj", "{E27C2823-B933-402D-BED0-0B4928EC4082}"
EndProject
Global
	GlobalSection(SolutionConfigurationPlatforms) = preSolution
		Debug|Any CPU = Debug|Any CPU
		Release|Any CPU = Release|Any CPU
	EndGlobalSection
	GlobalSection(ProjectConfigurationPlatforms) = postSolution
		{E27C2823-B933-402D-BED0-0B4928EC4082}.Debug|Any CPU.ActiveCfg = Debug|Any CPU
		{E27C2823-B933-402D-BED0-0B4928EC4082}.Debug|Any CPU.Build.0 = Debug|Any CPU
		{E27C2823-B933-402D-BED0-0B4928EC4082}.Release|Any CPU.ActiveCfg = Release|Any CPU
		{E27C2823-B933-402D-BED0-0B4928EC4082}.Release|Any CPU.Build.0 = Release|Any CPU
	EndGlobalSection
	GlobalSection(SolutionProperties) = preSolution
		HideSolutionNode = FALSE
	EndGlobalSection
	GlobalSection(ExtensibilityGlobals) = postSolution
		SolutionGuid = {7F547716-BF1A-4BB2-9029-EBAEA9FF8ADF}
	EndGlobalSection
EndGlobal
